
Microsoft Visual Studio Solution File, Format Version 12.00
Project("{FAE04EC0-301F-11D3-BF4B-00C04F79EFBC}") = "TestTask_SImbirSoft", "TestTask_SImbirSoft\TestTask_SImbirSoft.csproj", "{DA8B6C3C-4DE1-4688-B538-B880CEDC5B41}"
EndProject
Project("{FAE04EC0-301F-11D3-BF4B-00C04F79EFBC}") = "TestTask_SimbirSoft_Test", "TestTask_SimbirSoft_Test\TestTask_SimbirSoft_Test.csproj", "{9991F356-F8C7-4BCB-9010-E5DE81ABC890}"
EndProject
Global
	GlobalSection(SolutionConfigurationPlatforms) = preSolution
		Debug|Any CPU = Debug|Any CPU
		Release|Any CPU = Release|Any CPU
	EndGlobalSection
	GlobalSection(ProjectConfigurationPlatforms) = postSolution
		{DA8B6C3C-4DE1-4688-B538-B880CEDC5B41}.Debug|Any CPU.ActiveCfg = Debug|Any CPU
		{DA8B6C3C-4DE1-4688-B538-B880CEDC5B41}.Debug|Any CPU.Build.0 = Debug|Any CPU
		{DA8B6C3C-4DE1-4688-B538-B880CEDC5B41}.Release|Any CPU.ActiveCfg = Release|Any CPU
		{DA8B6C3C-4DE1-4688-B538-B880CEDC5B41}.Release|Any CPU.Build.0 = Release|Any CPU
		{9991F356-F8C7-4BCB-9010-E5DE81ABC890}.Debug|Any CPU.ActiveCfg = Debug|Any CPU
		{9991F356-F8C7-4BCB-9010-E5DE81ABC890}.Debug|Any CPU.Build.0 = Debug|Any CPU
		{9991F356-F8C7-4BCB-9010-E5DE81ABC890}.Release|Any CPU.ActiveCfg = Release|Any CPU
		{9991F356-F8C7-4BCB-9010-E5DE81ABC890}.Release|Any CPU.Build.0 = Release|Any CPU
	EndGlobalSection
EndGlobal
